
Microsoft Visual Studio Solution File, Format Version 12.00
# Visual Studio 15
Project("{FAE04EC0-301F-11D3-BF4B-00C04F79EFBC}") = "Assembly-CSharp", "Assembly-CSharp.csproj", "{357873F7-5ACD-5F4F-2393-4C80891206FD}"
EndProject
Project("{FAE04EC0-301F-11D3-BF4B-00C04F79EFBC}") = "Assembly-CSharp-firstpass", "Assembly-CSharp-firstpass.csproj", "{B4888F23-C740-6C86-6476-C589FE70370D}"
EndProject
Project("{FAE04EC0-301F-11D3-BF4B-00C04F79EFBC}") = "Assembly-CSharp-Editor", "Assembly-CSharp-Editor.csproj", "{95C2FDFE-3BFF-2E66-52F6-E1B97E47A64D}"
EndProject
Global
	GlobalSection(SolutionConfigurationPlatforms) = preSolution
		Debug|Any CPU = Debug|Any CPU
		Release|Any CPU = Release|Any CPU
	EndGlobalSection
	GlobalSection(ProjectConfigurationPlatforms) = postSolution
		{357873F7-5ACD-5F4F-2393-4C80891206FD}.Debug|Any CPU.ActiveCfg = Debug|Any CPU
		{357873F7-5ACD-5F4F-2393-4C80891206FD}.Debug|Any CPU.Build.0 = Debug|Any CPU
		{357873F7-5ACD-5F4F-2393-4C80891206FD}.Release|Any CPU.ActiveCfg = Release|Any CPU
		{357873F7-5ACD-5F4F-2393-4C80891206FD}.Release|Any CPU.Build.0 = Release|Any CPU
		{B4888F23-C740-6C86-6476-C589FE70370D}.Debug|Any CPU.ActiveCfg = Debug|Any CPU
		{B4888F23-C740-6C86-6476-C589FE70370D}.Debug|Any CPU.Build.0 = Debug|Any CPU
		{B4888F23-C740-6C86-6476-C589FE70370D}.Release|Any CPU.ActiveCfg = Release|Any CPU
		{B4888F23-C740-6C86-6476-C589FE70370D}.Release|Any CPU.Build.0 = Release|Any CPU
		{95C2FDFE-3BFF-2E66-52F6-E1B97E47A64D}.Debug|Any CPU.ActiveCfg = Debug|Any CPU
		{95C2FDFE-3BFF-2E66-52F6-E1B97E47A64D}.Debug|Any CPU.Build.0 = Debug|Any CPU
		{95C2FDFE-3BFF-2E66-52F6-E1B97E47A64D}.Release|Any CPU.ActiveCfg = Release|Any CPU
		{95C2FDFE-3BFF-2E66-52F6-E1B97E47A64D}.Release|Any CPU.Build.0 = Release|Any CPU
	EndGlobalSection
	GlobalSection(SolutionProperties) = preSolution
		HideSolutionNode = FALSE
	EndGlobalSection
EndGlobal
